
Microsoft Visual Studio Solution File, Format Version 12.00
# Visual Studio Version 17
VisualStudioVersion = 17.0.31903.59
MinimumVisualStudioVersion = 10.0.40219.1
Project("{2150E333-8FDC-42A3-9474-1A3956D46DE8}") = "src", "src", "{28297C10-930F-4B39-A4F1-C5CEA04B5CDE}"
EndProject
Project("{FAE04EC0-301F-11D3-BF4B-00C04F79EFBC}") = "EvChargingOptimizer.Api", "src\EvChargingOptimizer.Api\EvChargingOptimizer.Api.csproj", "{61F2AD2E-1DAE-4242-A4CC-1C6BC9AB2A39}"
EndProject
Project("{FAE04EC0-301F-11D3-BF4B-00C04F79EFBC}") = "EvChargingOptimizer.Domain", "src\EvChargingOptimizer.Domain\EvChargingOptimizer.Domain.csproj", "{A467D639-CF66-4312-8FCD-1F8B82DECE99}"
EndProject
Project("{FAE04EC0-301F-11D3-BF4B-00C04F79EFBC}") = "EvChargingOptimizer.Application", "src\EvChargingOptimizer.Application\EvChargingOptimizer.Application.csproj", "{09FF3148-E011-4E58-BCB8-EE781BE3D692}"
EndProject
Project("{FAE04EC0-301F-11D3-BF4B-00C04F79EFBC}") = "EvChargingOptimizer.Infrastructure", "src\EvChargingOptimizer.Infrastructure\EvChargingOptimizer.Infrastructure.csproj", "{50FE4DC7-9F2F-4399-863F-EC8557A5EA66}"
EndProject
Global
	GlobalSection(SolutionConfigurationPlatforms) = preSolution
		Debug|Any CPU = Debug|Any CPU
		Release|Any CPU = Release|Any CPU
	EndGlobalSection
	GlobalSection(SolutionProperties) = preSolution
		HideSolutionNode = FALSE
	EndGlobalSection
	GlobalSection(ProjectConfigurationPlatforms) = postSolution
		{61F2AD2E-1DAE-4242-A4CC-1C6BC9AB2A39}.Debug|Any CPU.ActiveCfg = Debug|Any CPU
		{61F2AD2E-1DAE-4242-A4CC-1C6BC9AB2A39}.Debug|Any CPU.Build.0 = Debug|Any CPU
		{61F2AD2E-1DAE-4242-A4CC-1C6BC9AB2A39}.Release|Any CPU.ActiveCfg = Release|Any CPU
		{61F2AD2E-1DAE-4242-A4CC-1C6BC9AB2A39}.Release|Any CPU.Build.0 = Release|Any CPU
		{A467D639-CF66-4312-8FCD-1F8B82DECE99}.Debug|Any CPU.ActiveCfg = Debug|Any CPU
		{A467D639-CF66-4312-8FCD-1F8B82DECE99}.Debug|Any CPU.Build.0 = Debug|Any CPU
		{A467D639-CF66-4312-8FCD-1F8B82DECE99}.Release|Any CPU.ActiveCfg = Release|Any CPU
		{A467D639-CF66-4312-8FCD-1F8B82DECE99}.Release|Any CPU.Build.0 = Release|Any CPU
		{09FF3148-E011-4E58-BCB8-EE781BE3D692}.Debug|Any CPU.ActiveCfg = Debug|Any CPU
		{09FF3148-E011-4E58-BCB8-EE781BE3D692}.Debug|Any CPU.Build.0 = Debug|Any CPU
		{09FF3148-E011-4E58-BCB8-EE781BE3D692}.Release|Any CPU.ActiveCfg = Release|Any CPU
		{09FF3148-E011-4E58-BCB8-EE781BE3D692}.Release|Any CPU.Build.0 = Release|Any CPU
		{50FE4DC7-9F2F-4399-863F-EC8557A5EA66}.Debug|Any CPU.ActiveCfg = Debug|Any CPU
		{50FE4DC7-9F2F-4399-863F-EC8557A5EA66}.Debug|Any CPU.Build.0 = Debug|Any CPU
		{50FE4DC7-9F2F-4399-863F-EC8557A5EA66}.Release|Any CPU.ActiveCfg = Release|Any CPU
		{50FE4DC7-9F2F-4399-863F-EC8557A5EA66}.Release|Any CPU.Build.0 = Release|Any CPU
	EndGlobalSection
	GlobalSection(NestedProjects) = preSolution
		{61F2AD2E-1DAE-4242-A4CC-1C6BC9AB2A39} = {28297C10-930F-4B39-A4F1-C5CEA04B5CDE}
		{A467D639-CF66-4312-8FCD-1F8B82DECE99} = {28297C10-930F-4B39-A4F1-C5CEA04B5CDE}
		{09FF3148-E011-4E58-BCB8-EE781BE3D692} = {28297C10-930F-4B39-A4F1-C5CEA04B5CDE}
		{50FE4DC7-9F2F-4399-863F-EC8557A5EA66} = {28297C10-930F-4B39-A4F1-C5CEA04B5CDE}
	EndGlobalSection
EndGlobal
